
Microsoft Visual Studio Solution File, Format Version 12.00
# Visual Studio 15
VisualStudioVersion = 15.0.28307.1684
MinimumVisualStudioVersion = 10.0.40219.1
Project("{159641D6-6404-4A2A-AE62-294DE0FE8301}") = "FinalProject", "FinalProject\FinalProject.dtproj", "{02A3AE62-9774-4B9C-810C-114B1C75997F}"
EndProject
Global
	GlobalSection(SolutionConfigurationPlatforms) = preSolution
		Development|Default = Development|Default
	EndGlobalSection
	GlobalSection(ProjectConfigurationPlatforms) = postSolution
		{02A3AE62-9774-4B9C-810C-114B1C75997F}.Development|Default.ActiveCfg = Development
		{02A3AE62-9774-4B9C-810C-114B1C75997F}.Development|Default.Build.0 = Development
	EndGlobalSection
	GlobalSection(SolutionProperties) = preSolution
		HideSolutionNode = FALSE
	EndGlobalSection
	GlobalSection(ExtensibilityGlobals) = postSolution
		SolutionGuid = {04798228-40E5-4B3E-AE48-4738BA3CE811}
	EndGlobalSection
EndGlobal
